
Microsoft Visual Studio Solution File, Format Version 12.00
Project("{FAE04EC0-301F-11D3-BF4B-00C04F79EFBC}") = "CheckList", "CheckList\CheckList.csproj", "{79838D63-CABE-406B-B5D2-20F9DBEC3B01}"
EndProject
Global
	GlobalSection(SolutionConfigurationPlatforms) = preSolution
		Debug|Any CPU = Debug|Any CPU
		Release|Any CPU = Release|Any CPU
	EndGlobalSection
	GlobalSection(ProjectConfigurationPlatforms) = postSolution
		{79838D63-CABE-406B-B5D2-20F9DBEC3B01}.Debug|Any CPU.ActiveCfg = Debug|Any CPU
		{79838D63-CABE-406B-B5D2-20F9DBEC3B01}.Debug|Any CPU.Build.0 = Debug|Any CPU
		{79838D63-CABE-406B-B5D2-20F9DBEC3B01}.Release|Any CPU.ActiveCfg = Release|Any CPU
		{79838D63-CABE-406B-B5D2-20F9DBEC3B01}.Release|Any CPU.Build.0 = Release|Any CPU
	EndGlobalSection
EndGlobal
